
Microsoft Visual Studio Solution File, Format Version 12.00
# Visual Studio Version 17
Project("{8BC9CEB8-8B4A-11D0-8D11-00A0C91BC942}") = "ALL_BUILD", "ALL_BUILD.vcxproj", "{D5A14763-3070-3851-B079-0DA1A1300CE3}"
	ProjectSection(ProjectDependencies) = postProject
		{FD12E3DD-4A35-354B-9FDA-910AE4091E47} = {FD12E3DD-4A35-354B-9FDA-910AE4091E47}
		{4CB4EC45-AE34-30B9-8C90-2E49CF694679} = {4CB4EC45-AE34-30B9-8C90-2E49CF694679}
		{E5A33C06-FB2F-3E90-B00E-DA67EA607F11} = {E5A33C06-FB2F-3E90-B00E-DA67EA607F11}
		{D7E4D262-8790-3318-A975-19807EC05DF5} = {D7E4D262-8790-3318-A975-19807EC05DF5}
		{7EAC13CD-F022-39C1-B769-B45B5C59DA7E} = {7EAC13CD-F022-39C1-B769-B45B5C59DA7E}
	EndProjectSection
EndProject
Project("{8BC9CEB8-8B4A-11D0-8D11-00A0C91BC942}") = "ZERO_CHECK", "ZERO_CHECK.vcxproj", "{FD12E3DD-4A35-354B-9FDA-910AE4091E47}"
	ProjectSection(ProjectDependencies) = postProject
	EndProjectSection
EndProject
Project("{8BC9CEB8-8B4A-11D0-8D11-00A0C91BC942}") = "libprotobuf", "libprotobuf.vcxproj", "{4CB4EC45-AE34-30B9-8C90-2E49CF694679}"
	ProjectSection(ProjectDependencies) = postProject
		{FD12E3DD-4A35-354B-9FDA-910AE4091E47} = {FD12E3DD-4A35-354B-9FDA-910AE4091E47}
	EndProjectSection
EndProject
Project("{8BC9CEB8-8B4A-11D0-8D11-00A0C91BC942}") = "libprotobuf-lite", "libprotobuf-lite.vcxproj", "{E5A33C06-FB2F-3E90-B00E-DA67EA607F11}"
	ProjectSection(ProjectDependencies) = postProject
		{FD12E3DD-4A35-354B-9FDA-910AE4091E47} = {FD12E3DD-4A35-354B-9FDA-910AE4091E47}
	EndProjectSection
EndProject
Project("{8BC9CEB8-8B4A-11D0-8D11-00A0C91BC942}") = "libprotoc", "libprotoc.vcxproj", "{D7E4D262-8790-3318-A975-19807EC05DF5}"
	ProjectSection(ProjectDependencies) = postProject
		{FD12E3DD-4A35-354B-9FDA-910AE4091E47} = {FD12E3DD-4A35-354B-9FDA-910AE4091E47}
		{4CB4EC45-AE34-30B9-8C90-2E49CF694679} = {4CB4EC45-AE34-30B9-8C90-2E49CF694679}
	EndProjectSection
EndProject
Project("{8BC9CEB8-8B4A-11D0-8D11-00A0C91BC942}") = "protoc", "protoc.vcxproj", "{7EAC13CD-F022-39C1-B769-B45B5C59DA7E}"
	ProjectSection(ProjectDependencies) = postProject
		{FD12E3DD-4A35-354B-9FDA-910AE4091E47} = {FD12E3DD-4A35-354B-9FDA-910AE4091E47}
		{4CB4EC45-AE34-30B9-8C90-2E49CF694679} = {4CB4EC45-AE34-30B9-8C90-2E49CF694679}
		{D7E4D262-8790-3318-A975-19807EC05DF5} = {D7E4D262-8790-3318-A975-19807EC05DF5}
	EndProjectSection
EndProject
Global
	GlobalSection(SolutionConfigurationPlatforms) = preSolution
		Debug|x64 = Debug|x64
		Release|x64 = Release|x64
		MinSizeRel|x64 = MinSizeRel|x64
		RelWithDebInfo|x64 = RelWithDebInfo|x64
	EndGlobalSection
	GlobalSection(ProjectConfigurationPlatforms) = postSolution
		{D5A14763-3070-3851-B079-0DA1A1300CE3}.Debug|x64.ActiveCfg = Debug|x64
		{D5A14763-3070-3851-B079-0DA1A1300CE3}.Release|x64.ActiveCfg = Release|x64
		{D5A14763-3070-3851-B079-0DA1A1300CE3}.MinSizeRel|x64.ActiveCfg = MinSizeRel|x64
		{D5A14763-3070-3851-B079-0DA1A1300CE3}.RelWithDebInfo|x64.ActiveCfg = RelWithDebInfo|x64
		{FD12E3DD-4A35-354B-9FDA-910AE4091E47}.Debug|x64.ActiveCfg = Debug|x64
		{FD12E3DD-4A35-354B-9FDA-910AE4091E47}.Debug|x64.Build.0 = Debug|x64
		{FD12E3DD-4A35-354B-9FDA-910AE4091E47}.Release|x64.ActiveCfg = Release|x64
		{FD12E3DD-4A35-354B-9FDA-910AE4091E47}.Release|x64.Build.0 = Release|x64
		{FD12E3DD-4A35-354B-9FDA-910AE4091E47}.MinSizeRel|x64.ActiveCfg = MinSizeRel|x64
		{FD12E3DD-4A35-354B-9FDA-910AE4091E47}.MinSizeRel|x64.Build.0 = MinSizeRel|x64
		{FD12E3DD-4A35-354B-9FDA-910AE4091E47}.RelWithDebInfo|x64.ActiveCfg = RelWithDebInfo|x64
		{FD12E3DD-4A35-354B-9FDA-910AE4091E47}.RelWithDebInfo|x64.Build.0 = RelWithDebInfo|x64
		{4CB4EC45-AE34-30B9-8C90-2E49CF694679}.Debug|x64.ActiveCfg = Debug|x64
		{4CB4EC45-AE34-30B9-8C90-2E49CF694679}.Debug|x64.Build.0 = Debug|x64
		{4CB4EC45-AE34-30B9-8C90-2E49CF694679}.Release|x64.ActiveCfg = Release|x64
		{4CB4EC45-AE34-30B9-8C90-2E49CF694679}.Release|x64.Build.0 = Release|x64
		{4CB4EC45-AE34-30B9-8C90-2E49CF694679}.MinSizeRel|x64.ActiveCfg = MinSizeRel|x64
		{4CB4EC45-AE34-30B9-8C90-2E49CF694679}.MinSizeRel|x64.Build.0 = MinSizeRel|x64
		{4CB4EC45-AE34-30B9-8C90-2E49CF694679}.RelWithDebInfo|x64.ActiveCfg = RelWithDebInfo|x64
		{4CB4EC45-AE34-30B9-8C90-2E49CF694679}.RelWithDebInfo|x64.Build.0 = RelWithDebInfo|x64
		{E5A33C06-FB2F-3E90-B00E-DA67EA607F11}.Debug|x64.ActiveCfg = Debug|x64
		{E5A33C06-FB2F-3E90-B00E-DA67EA607F11}.Debug|x64.Build.0 = Debug|x64
		{E5A33C06-FB2F-3E90-B00E-DA67EA607F11}.Release|x64.ActiveCfg = Release|x64
		{E5A33C06-FB2F-3E90-B00E-DA67EA607F11}.Release|x64.Build.0 = Release|x64
		{E5A33C06-FB2F-3E90-B00E-DA67EA607F11}.MinSizeRel|x64.ActiveCfg = MinSizeRel|x64
		{E5A33C06-FB2F-3E90-B00E-DA67EA607F11}.MinSizeRel|x64.Build.0 = MinSizeRel|x64
		{E5A33C06-FB2F-3E90-B00E-DA67EA607F11}.RelWithDebInfo|x64.ActiveCfg = RelWithDebInfo|x64
		{E5A33C06-FB2F-3E90-B00E-DA67EA607F11}.RelWithDebInfo|x64.Build.0 = RelWithDebInfo|x64
		{D7E4D262-8790-3318-A975-19807EC05DF5}.Debug|x64.ActiveCfg = Debug|x64
		{D7E4D262-8790-3318-A975-19807EC05DF5}.Debug|x64.Build.0 = Debug|x64
		{D7E4D262-8790-3318-A975-19807EC05DF5}.Release|x64.ActiveCfg = Release|x64
		{D7E4D262-8790-3318-A975-19807EC05DF5}.Release|x64.Build.0 = Release|x64
		{D7E4D262-8790-3318-A975-19807EC05DF5}.MinSizeRel|x64.ActiveCfg = MinSizeRel|x64
		{D7E4D262-8790-3318-A975-19807EC05DF5}.MinSizeRel|x64.Build.0 = MinSizeRel|x64
		{D7E4D262-8790-3318-A975-19807EC05DF5}.RelWithDebInfo|x64.ActiveCfg = RelWithDebInfo|x64
		{D7E4D262-8790-3318-A975-19807EC05DF5}.RelWithDebInfo|x64.Build.0 = RelWithDebInfo|x64
		{7EAC13CD-F022-39C1-B769-B45B5C59DA7E}.Debug|x64.ActiveCfg = Debug|x64
		{7EAC13CD-F022-39C1-B769-B45B5C59DA7E}.Debug|x64.Build.0 = Debug|x64
		{7EAC13CD-F022-39C1-B769-B45B5C59DA7E}.Release|x64.ActiveCfg = Release|x64
		{7EAC13CD-F022-39C1-B769-B45B5C59DA7E}.Release|x64.Build.0 = Release|x64
		{7EAC13CD-F022-39C1-B769-B45B5C59DA7E}.MinSizeRel|x64.ActiveCfg = MinSizeRel|x64
		{7EAC13CD-F022-39C1-B769-B45B5C59DA7E}.MinSizeRel|x64.Build.0 = MinSizeRel|x64
		{7EAC13CD-F022-39C1-B769-B45B5C59DA7E}.RelWithDebInfo|x64.ActiveCfg = RelWithDebInfo|x64
		{7EAC13CD-F022-39C1-B769-B45B5C59DA7E}.RelWithDebInfo|x64.Build.0 = RelWithDebInfo|x64
	EndGlobalSection
	GlobalSection(ExtensibilityGlobals) = postSolution
		SolutionGuid = {4A125E19-D5AD-3DEB-A639-22EE847F984A}
	EndGlobalSection
	GlobalSection(ExtensibilityAddIns) = postSolution
	EndGlobalSection
EndGlobal
